{
  "name": "@Unity-Billal-mesloub/dap-cli",
  "version": "0.3.0",
  "lockfileVersion": 3,
  "requires": true,
  "packages": {
    "": {
      "name": "@Unity-Billal-mesloub/dap-cli",
      "version": "0.3.0",
      "license": "MIT",
      "dependencies": {
        "@vscode/debugprotocol": "^1.68.0",
        "commander": "^14.0.1",
        "jsonc-parser": "^3.3.1",
        "proper-lockfile": "^4.1.2",
        "tar": "^7.5.15",
        "undici": "^7.26.0",
        "yauzl": "^3.3.1",
        "zod": "^4.1.12"
      },
      "bin": {
        "dap-cli": "dist/index.js"
      },
      "devDependencies": {
        "@eslint/js": "^9.38.0",
        "@playwright/test": "^1.59.1",
        "@types/node": "^24.9.1",
        "@types/proper-lockfile": "^4.1.4",
        "@types/yauzl": "^2.10.3",
        "eslint": "^9.38.0",
        "tsup": "^8.5.0",
        "typescript": "^5.9.3",
        "typescript-eslint": "^8.46.2",
        "vitest": "^3.2.4"
      },
      "engines": {
        "node": ">=22"
      }
   
